
Microsoft Visual Studio Solution File, Format Version 12.00
# Visual Studio Version 16
VisualStudioVersion = 16.0.30907.101
MinimumVisualStudioVersion = 10.0.40219.1
Project("{FAE04EC0-301F-11D3-BF4B-00C04F79EFBC}") = "SistemaInformacao", "SistemaInformacao\SistemaInformacao.csproj", "{4EF06A4B-5C29-4228-BA36-86AEDD76DDFD}"
EndProject
Project("{FAE04EC0-301F-11D3-BF4B-00C04F79EFBC}") = "Web", "Web2\Web.csproj", "{A3C71613-1EFC-4345-9CAB-75401B3EBC4C}"
EndProject
Global
	GlobalSection(SolutionConfigurationPlatforms) = preSolution
		Debug|Any CPU = Debug|Any CPU
		Release|Any CPU = Release|Any CPU
	EndGlobalSection
	GlobalSection(ProjectConfigurationPlatforms) = postSolution
		{4EF06A4B-5C29-4228-BA36-86AEDD76DDFD}.Debug|Any CPU.ActiveCfg = Debug|Any CPU
		{4EF06A4B-5C29-4228-BA36-86AEDD76DDFD}.Debug|Any CPU.Build.0 = Debug|Any CPU
		{4EF06A4B-5C29-4228-BA36-86AEDD76DDFD}.Release|Any CPU.ActiveCfg = Release|Any CPU
		{4EF06A4B-5C29-4228-BA36-86AEDD76DDFD}.Release|Any CPU.Build.0 = Release|Any CPU
		{A3C71613-1EFC-4345-9CAB-75401B3EBC4C}.Debug|Any CPU.ActiveCfg = Debug|Any CPU
		{A3C71613-1EFC-4345-9CAB-75401B3EBC4C}.Debug|Any CPU.Build.0 = Debug|Any CPU
		{A3C71613-1EFC-4345-9CAB-75401B3EBC4C}.Release|Any CPU.ActiveCfg = Release|Any CPU
		{A3C71613-1EFC-4345-9CAB-75401B3EBC4C}.Release|Any CPU.Build.0 = Release|Any CPU
	EndGlobalSection
	GlobalSection(SolutionProperties) = preSolution
		HideSolutionNode = FALSE
	EndGlobalSection
	GlobalSection(ExtensibilityGlobals) = postSolution
		SolutionGuid = {D354E14C-99BE-4DAB-8C32-39F026E9CE83}
	EndGlobalSection
EndGlobal
